{
  "version": 4,
  "terraform_version": "0.12.12",
  "serial": 106,
  "lineage": "33b45168-ecce-0c16-57a5-8a78b93b2565",
  "outputs": {},
  "resources": [
    {
      "mode": "data",
      "type": "template_cloudinit_config",
      "name": "cloudinit-example",
      "provider": "provider.template",
      "instances": [
        {
          "schema_version": 0,
          "attributes": {
            "base64_encode": false,
            "gzip": false,
            "id": "647467732",
            "part": [
              {
                "content": "#cloud-config\n\nrepo_update: true\nrepo_upgrade: all\n\npackages:\n  - lvm2\n\noutput:\n  all: '| tee -a /var/log/cloud-init-output.log'\n",
                "content_type": "text/cloud-config",
                "filename": "init.cfg",
                "merge_type": ""
              },
              {
                "content": "#!/bin/bash\n\nset -ex \n\nvgchange -ay\n\nDEVICE_FS=`blkid -o value -s TYPE /dev/xvdz || echo \"\"`\nif [ \"`echo -n $DEVICE_FS`\" == \"\" ] ; then \n  # wait for the device to be attached\n  DEVICENAME=`echo \"/dev/xvdz\" | awk -F '/' '{print $3}'`\n  DEVICEEXISTS=''\n  while [[ -z $DEVICEEXISTS ]]; do\n    echo \"checking $DEVICENAME\"\n    DEVICEEXISTS=`lsblk |grep \"$DEVICENAME\" |wc -l`\n    if [[ $DEVICEEXISTS != \"1\" ]]; then\n      sleep 15\n    fi\n  done\n  pvcreate /dev/xvdz\n  vgcreate data /dev/xvdz\n  lvcreate --name volume1 -l 100%FREE data\n  mkfs.ext4 /dev/data/volume1\nfi\nmkdir -p /data\necho '/dev/data/volume1 /data ext4 defaults 0 0' \u003e\u003e /etc/fstab\nmount /data\n\n# install docker\ncurl https://get.docker.com | bash\n",
                "content_type": "text/x-shellscript",
                "filename": "",
                "merge_type": ""
              }
            ],
            "rendered": "Content-Type: multipart/mixed; boundary=\"MIMEBOUNDARY\"\nMIME-Version: 1.0\r\n\r\n--MIMEBOUNDARY\r\nContent-Disposition: attachment; filename=\"init.cfg\"\r\nContent-Transfer-Encoding: 7bit\r\nContent-Type: text/cloud-config\r\nMime-Version: 1.0\r\n\r\n#cloud-config\n\nrepo_update: true\nrepo_upgrade: all\n\npackages:\n  - lvm2\n\noutput:\n  all: '| tee -a /var/log/cloud-init-output.log'\n\r\n--MIMEBOUNDARY\r\nContent-Transfer-Encoding: 7bit\r\nContent-Type: text/x-shellscript\r\nMime-Version: 1.0\r\n\r\n#!/bin/bash\n\nset -ex \n\nvgchange -ay\n\nDEVICE_FS=`blkid -o value -s TYPE /dev/xvdz || echo \"\"`\nif [ \"`echo -n $DEVICE_FS`\" == \"\" ] ; then \n  # wait for the device to be attached\n  DEVICENAME=`echo \"/dev/xvdz\" | awk -F '/' '{print $3}'`\n  DEVICEEXISTS=''\n  while [[ -z $DEVICEEXISTS ]]; do\n    echo \"checking $DEVICENAME\"\n    DEVICEEXISTS=`lsblk |grep \"$DEVICENAME\" |wc -l`\n    if [[ $DEVICEEXISTS != \"1\" ]]; then\n      sleep 15\n    fi\n  done\n  pvcreate /dev/xvdz\n  vgcreate data /dev/xvdz\n  lvcreate --name volume1 -l 100%FREE data\n  mkfs.ext4 /dev/data/volume1\nfi\nmkdir -p /data\necho '/dev/data/volume1 /data ext4 defaults 0 0' \u003e\u003e /etc/fstab\nmount /data\n\n# install docker\ncurl https://get.docker.com | bash\n\r\n--MIMEBOUNDARY--\r\n"
          },
          "depends_on": [
            "data.template_file.init-script",
            "data.template_file.shell-script"
          ]
        }
      ]
    },
    {
      "mode": "data",
      "type": "template_file",
      "name": "init-script",
      "provider": "provider.template",
      "instances": [
        {
          "schema_version": 0,
          "attributes": {
            "filename": null,
            "id": "40dc5d2c3e5e7f3ef706b219b77b637de1749c1928220b8adcc737098de652a7",
            "rendered": "#cloud-config\n\nrepo_update: true\nrepo_upgrade: all\n\npackages:\n  - lvm2\n\noutput:\n  all: '| tee -a /var/log/cloud-init-output.log'\n",
            "template": "#cloud-config\n\nrepo_update: true\nrepo_upgrade: all\n\npackages:\n  - lvm2\n\noutput:\n  all: '| tee -a /var/log/cloud-init-output.log'\n",
            "vars": {
              "REGION": "us-east-1"
            }
          }
        }
      ]
    },
    {
      "mode": "data",
      "type": "template_file",
      "name": "shell-script",
      "provider": "provider.template",
      "instances": [
        {
          "schema_version": 0,
          "attributes": {
            "filename": null,
            "id": "089dc0bcfb193636547a972407fa9bef6afe854f681c16e0b0b7e9bd4205c044",
            "rendered": "#!/bin/bash\n\nset -ex \n\nvgchange -ay\n\nDEVICE_FS=`blkid -o value -s TYPE /dev/xvdz || echo \"\"`\nif [ \"`echo -n $DEVICE_FS`\" == \"\" ] ; then \n  # wait for the device to be attached\n  DEVICENAME=`echo \"/dev/xvdz\" | awk -F '/' '{print $3}'`\n  DEVICEEXISTS=''\n  while [[ -z $DEVICEEXISTS ]]; do\n    echo \"checking $DEVICENAME\"\n    DEVICEEXISTS=`lsblk |grep \"$DEVICENAME\" |wc -l`\n    if [[ $DEVICEEXISTS != \"1\" ]]; then\n      sleep 15\n    fi\n  done\n  pvcreate /dev/xvdz\n  vgcreate data /dev/xvdz\n  lvcreate --name volume1 -l 100%FREE data\n  mkfs.ext4 /dev/data/volume1\nfi\nmkdir -p /data\necho '/dev/data/volume1 /data ext4 defaults 0 0' \u003e\u003e /etc/fstab\nmount /data\n\n# install docker\ncurl https://get.docker.com | bash\n",
            "template": "#!/bin/bash\n\nset -ex \n\nvgchange -ay\n\nDEVICE_FS=`blkid -o value -s TYPE ${DEVICE} || echo \"\"`\nif [ \"`echo -n $DEVICE_FS`\" == \"\" ] ; then \n  # wait for the device to be attached\n  DEVICENAME=`echo \"${DEVICE}\" | awk -F '/' '{print $3}'`\n  DEVICEEXISTS=''\n  while [[ -z $DEVICEEXISTS ]]; do\n    echo \"checking $DEVICENAME\"\n    DEVICEEXISTS=`lsblk |grep \"$DEVICENAME\" |wc -l`\n    if [[ $DEVICEEXISTS != \"1\" ]]; then\n      sleep 15\n    fi\n  done\n  pvcreate ${DEVICE}\n  vgcreate data ${DEVICE}\n  lvcreate --name volume1 -l 100%FREE data\n  mkfs.ext4 /dev/data/volume1\nfi\nmkdir -p /data\necho '/dev/data/volume1 /data ext4 defaults 0 0' \u003e\u003e /etc/fstab\nmount /data\n\n# install docker\ncurl https://get.docker.com | bash\n",
            "vars": {
              "DEVICE": "/dev/xvdz"
            }
          }
        }
      ]
    },
    {
      "mode": "managed",
      "type": "aws_ebs_volume",
      "name": "ebs-volume-1",
      "provider": "provider.aws",
      "instances": [
        {
          "schema_version": 0,
          "attributes": {
            "arn": "arn:aws:ec2:us-east-1:579667956740:volume/vol-08192b767478a3a69",
            "availability_zone": "us-east-1a",
            "encrypted": false,
            "id": "vol-08192b767478a3a69",
            "iops": 100,
            "kms_key_id": "",
            "size": 8,
            "snapshot_id": "",
            "tags": {
              "Name": "extra volume data"
            },
            "type": "gp2"
          },
          "private": "bnVsbA=="
        }
      ]
    },
    {
      "mode": "managed",
      "type": "aws_instance",
      "name": "example",
      "provider": "provider.aws",
      "instances": [
        {
          "schema_version": 1,
          "attributes": {
            "ami": "ami-0cdc271d99924feda",
            "arn": "arn:aws:ec2:us-east-1:579667956740:instance/i-052d0d02d2bea5e9b",
            "associate_public_ip_address": true,
            "availability_zone": "us-east-1a",
            "cpu_core_count": 1,
            "cpu_threads_per_core": 1,
            "credit_specification": [
              {
                "cpu_credits": "standard"
              }
            ],
            "disable_api_termination": false,
            "ebs_block_device": [
              {
                "delete_on_termination": false,
                "device_name": "/dev/xvdz",
                "encrypted": false,
                "iops": 100,
                "kms_key_id": "",
                "snapshot_id": "",
                "volume_id": "vol-08192b767478a3a69",
                "volume_size": 8,
                "volume_type": "gp2"
              }
            ],
            "ebs_optimized": false,
            "ephemeral_block_device": [],
            "get_password_data": false,
            "host_id": null,
            "iam_instance_profile": "",
            "id": "i-052d0d02d2bea5e9b",
            "instance_initiated_shutdown_behavior": null,
            "instance_state": "running",
            "instance_type": "t2.micro",
            "ipv6_address_count": 0,
            "ipv6_addresses": [],
            "key_name": "mykeypair",
            "monitoring": false,
            "network_interface": [],
            "network_interface_id": null,
            "password_data": "",
            "placement_group": "",
            "primary_network_interface_id": "eni-04f474940903d07de",
            "private_dns": "ip-10-0-1-116.ec2.internal",
            "private_ip": "10.0.1.116",
            "public_dns": "ec2-18-208-195-104.compute-1.amazonaws.com",
            "public_ip": "18.208.195.104",
            "root_block_device": [
              {
                "delete_on_termination": true,
                "encrypted": false,
                "iops": 100,
                "kms_key_id": "",
                "volume_id": "vol-0f9f44f93d63ef427",
                "volume_size": 8,
                "volume_type": "gp2"
              }
            ],
            "security_groups": [],
            "source_dest_check": true,
            "subnet_id": "subnet-0973e6994c622e539",
            "tags": {},
            "tenancy": "default",
            "timeouts": null,
            "user_data": "3cf7a8ef6142b0cd417d1b8a286267fa1a5d5039",
            "user_data_base64": null,
            "volume_tags": {
              "Name": "extra volume data"
            },
            "vpc_security_group_ids": [
              "sg-0894b1962980363ed"
            ]
          },
          "private": "eyJlMmJmYjczMC1lY2FhLTExZTYtOGY4OC0zNDM2M2JjN2M0YzAiOnsiY3JlYXRlIjo2MDAwMDAwMDAwMDAsImRlbGV0ZSI6MTIwMDAwMDAwMDAwMCwidXBkYXRlIjo2MDAwMDAwMDAwMDB9LCJzY2hlbWFfdmVyc2lvbiI6IjEifQ==",
          "depends_on": [
            "aws_key_pair.mykeypair",
            "aws_security_group.allow-ssh",
            "aws_subnet.main-public-1",
            "data.template_cloudinit_config.cloudinit-example"
          ]
        }
      ]
    },
    {
      "mode": "managed",
      "type": "aws_key_pair",
      "name": "mykeypair",
      "provider": "provider.aws",
      "instances": [
        {
          "schema_version": 1,
          "attributes": {
            "fingerprint": "5a:f8:35:a4:53:74:0b:b7:b7:a3:31:43:d1:6d:37:d6",
            "id": "mykeypair",
            "key_name": "mykeypair",
            "key_name_prefix": null,
            "public_key": "ssh-rsa AAAAB3NzaC1yc2EAAAADAQABAAABAQDcbiE5XvgLjsYd9zvHf62/6N2nCECnWCG7b3RhkZdlTqjIoosK/zSEyd6UDEXpHtbRz7eVQ9s3J0yMkARGuTIXIcss+6BqaEUno8bvhiA8hlHeKGtckf2Ju3bLWIs08I6RlbXv4TtHrExRv++PjDERmsu5VKHc8ajVeJYJ2yC+jY5BuKHU+QB32gbADQVIYVn20z0kHDUXUHMEzM+fpoYlsZ0NpzV5K2yvHjHoPBxE1cfDxtp+kNgFqnPH8n7ZSkDJtKB+Yo3dEGxUXaTbFiHOs3SajzarvJEC23SiRJ4yAXoPBYkEaofZI/qB1pHONnbJoaWJJSBVQyZj+KpmT1yr root@sachin-linux"
          },
          "private": "eyJzY2hlbWFfdmVyc2lvbiI6IjEifQ=="
        }
      ]
    },
    {
      "mode": "managed",
      "type": "aws_security_group",
      "name": "allow-ssh",
      "provider": "provider.aws",
      "instances": [
        {
          "schema_version": 1,
          "attributes": {
            "arn": "arn:aws:ec2:us-east-1:579667956740:security-group/sg-0894b1962980363ed",
            "description": "security group that allows ssh and all egress traffic",
            "egress": [
              {
                "cidr_blocks": [
                  "0.0.0.0/0"
                ],
                "description": "",
                "from_port": 0,
                "ipv6_cidr_blocks": [],
                "prefix_list_ids": [],
                "protocol": "-1",
                "security_groups": [],
                "self": false,
                "to_port": 0
              }
            ],
            "id": "sg-0894b1962980363ed",
            "ingress": [
              {
                "cidr_blocks": [
                  "0.0.0.0/0"
                ],
                "description": "",
                "from_port": 22,
                "ipv6_cidr_blocks": [],
                "prefix_list_ids": [],
                "protocol": "tcp",
                "security_groups": [],
                "self": false,
                "to_port": 22
              }
            ],
            "name": "allow-ssh",
            "name_prefix": null,
            "owner_id": "579667956740",
            "revoke_rules_on_delete": false,
            "tags": {
              "Name": "allow-ssh"
            },
            "timeouts": null,
            "vpc_id": "vpc-0ec55f1bfb969f521"
          },
          "private": "eyJlMmJmYjczMC1lY2FhLTExZTYtOGY4OC0zNDM2M2JjN2M0YzAiOnsiY3JlYXRlIjo2MDAwMDAwMDAwMDAsImRlbGV0ZSI6NjAwMDAwMDAwMDAwfSwic2NoZW1hX3ZlcnNpb24iOiIxIn0=",
          "depends_on": [
            "aws_vpc.main"
          ]
        }
      ]
    },
    {
      "mode": "managed",
      "type": "aws_subnet",
      "name": "main-public-1",
      "provider": "provider.aws",
      "instances": [
        {
          "schema_version": 1,
          "attributes": {
            "arn": "arn:aws:ec2:us-east-1:579667956740:subnet/subnet-0973e6994c622e539",
            "assign_ipv6_address_on_creation": false,
            "availability_zone": "us-east-1a",
            "availability_zone_id": "use1-az1",
            "cidr_block": "10.0.1.0/24",
            "id": "subnet-0973e6994c622e539",
            "ipv6_cidr_block": "",
            "ipv6_cidr_block_association_id": "",
            "map_public_ip_on_launch": true,
            "owner_id": "579667956740",
            "tags": {
              "Name": "main-public-1"
            },
            "timeouts": null,
            "vpc_id": "vpc-0ec55f1bfb969f521"
          },
          "private": "eyJlMmJmYjczMC1lY2FhLTExZTYtOGY4OC0zNDM2M2JjN2M0YzAiOnsiY3JlYXRlIjo2MDAwMDAwMDAwMDAsImRlbGV0ZSI6MTIwMDAwMDAwMDAwMH0sInNjaGVtYV92ZXJzaW9uIjoiMSJ9",
          "depends_on": [
            "aws_vpc.main"
          ]
        }
      ]
    },
    {
      "mode": "managed",
      "type": "aws_volume_attachment",
      "name": "ebs-volume-1-attachment",
      "provider": "provider.aws",
      "instances": [
        {
          "schema_version": 0,
          "attributes": {
            "device_name": "/dev/xvdz",
            "force_detach": null,
            "id": "vai-599115904",
            "instance_id": "i-052d0d02d2bea5e9b",
            "skip_destroy": null,
            "volume_id": "vol-08192b767478a3a69"
          }
        }
      ]
    },
    {
      "mode": "managed",
      "type": "aws_vpc",
      "name": "main",
      "provider": "provider.aws",
      "instances": [
        {
          "schema_version": 1,
          "attributes": {
            "arn": "arn:aws:ec2:us-east-1:579667956740:vpc/vpc-0ec55f1bfb969f521",
            "assign_generated_ipv6_cidr_block": false,
            "cidr_block": "10.0.0.0/16",
            "default_network_acl_id": "acl-0ac85364e73a17d30",
            "default_route_table_id": "rtb-0c99efcaa21e40ca8",
            "default_security_group_id": "sg-07848a2d8762a065d",
            "dhcp_options_id": "dopt-70e1e009",
            "enable_classiclink": false,
            "enable_classiclink_dns_support": false,
            "enable_dns_hostnames": true,
            "enable_dns_support": true,
            "id": "vpc-0ec55f1bfb969f521",
            "instance_tenancy": "default",
            "ipv6_association_id": "",
            "ipv6_cidr_block": "",
            "main_route_table_id": "rtb-0c99efcaa21e40ca8",
            "owner_id": "579667956740",
            "tags": {
              "Name": "main"
            }
          },
          "private": "eyJzY2hlbWFfdmVyc2lvbiI6IjEifQ=="
        }
      ]
    }
  ]
}
